
Microsoft Visual Studio Solution File, Format Version 12.00
# Visual Studio Version 17
VisualStudioVersion = 17.9.34607.119
MinimumVisualStudioVersion = 10.0.40219.1
Project("{2150E333-8FDC-42A3-9474-1A3956D46DE8}") = "VSIX", "VSIX", "{3191B422-C9B2-4635-A718-415C5F9F2B47}"
EndProject
Project("{2150E333-8FDC-42A3-9474-1A3956D46DE8}") = "Project Templates", "Project Templates", "{85A135AF-F6B9-4291-BC0E-4619099412C2}"
EndProject
Project("{FAE04EC0-301F-11D3-BF4B-00C04F79EFBC}") = "EasyArchitectV2VSIXProject", "EasyArchitectV2VSIXProject\EasyArchitectV2VSIXProject.csproj", "{B535DC7E-C563-4A4A-978A-5E7061203BFC}"
EndProject
Project("{9A19103F-16F7-4668-BE54-9A1E7A4F7556}") = "Infrastructure", "Project Templates\Infrastructure\Infrastructure.csproj", "{C9119C83-DD7F-4B59-A183-6226E2B0EE44}"
EndProject
Project("{2150E333-8FDC-42A3-9474-1A3956D46DE8}") = "Item Templates", "Item Templates", "{6624C0D3-50D9-4DE0-AD3E-7C131A32E37D}"
EndProject
Project("{FAE04EC0-301F-11D3-BF4B-00C04F79EFBC}") = "IUserService_interfaceTemplate", "IUserService_interfaceTemplate\IUserService_interfaceTemplate.csproj", "{212BA8A1-EB9D-4290-BD17-54084628F4BB}"
EndProject
Project("{FAE04EC0-301F-11D3-BF4B-00C04F79EFBC}") = "UserService_ClassTemplate", "UserService_ClassTemplate\UserService_ClassTemplate.csproj", "{86781EF3-64AA-4890-B40B-47D8592F772C}"
EndProject
Project("{2150E333-8FDC-42A3-9474-1A3956D46DE8}") = "NuGet Packages Projects", "NuGet Packages Projects", "{3F740B15-0338-4484-9F31-CB5E0891DEEC}"
EndProject
Project("{9A19103F-16F7-4668-BE54-9A1E7A4F7556}") = "EasyArchitectV2Lab1.Configuration", "NuGet Packages Projects\EasyArchitectV2Lab1.Configuration\EasyArchitectV2Lab1.Configuration.csproj", "{5AD575F8-A344-41E4-B05B-7BD00C6FE923}"
EndProject
Project("{9A19103F-16F7-4668-BE54-9A1E7A4F7556}") = "EasyArchitectV2Lab1.AuthExtensions", "NuGet Packages Projects\EasyArchitectV2Lab1.AuthExtensions\EasyArchitectV2Lab1.AuthExtensions.csproj", "{DD90CBE8-E048-47BC-BA86-ECBC14214C83}"
EndProject
Project("{9A19103F-16F7-4668-BE54-9A1E7A4F7556}") = "EasyArchitectV2Lab1.ApiControllerBase", "NuGet Packages Projects\EasyArchitectV2Lab1.ApiControllerBase\EasyArchitectV2Lab1.ApiControllerBase.csproj", "{07719411-53F1-4AD7-9260-3E9377B668D1}"
EndProject
Project("{9A19103F-16F7-4668-BE54-9A1E7A4F7556}") = "EasyArchitectV2Lab1.JWTMiddleware", "NuGet Packages Projects\EasyArchitectV2Lab1.JWTMiddleware\EasyArchitectV2Lab1.JWTMiddleware.csproj", "{994C92D6-00C4-488F-8254-497FC88E6757}"
EndProject
Project("{9A19103F-16F7-4668-BE54-9A1E7A4F7556}") = "EasyArchitectV2Lab1.ApiControllerBase.ApiLog", "NuGet Packages Projects\EasyArchitectV2Lab1.ApiControllerBase.ApiLog\EasyArchitectV2Lab1.ApiControllerBase.ApiLog.csproj", "{2FC8F4A2-E41C-4DA7-BF32-333C625E2630}"
EndProject
Project("{9A19103F-16F7-4668-BE54-9A1E7A4F7556}") = "Domain", "Project Templates\Domain.Lab120240821\Domain.csproj", "{606341A4-7365-438B-B56F-BB6E8D0829A7}"
EndProject
Project("{9A19103F-16F7-4668-BE54-9A1E7A4F7556}") = "Application", "Project Templates\Application\Application.csproj", "{C88A4AF6-3754-455A-AC0E-70A759EC3D99}"
EndProject
Project("{2150E333-8FDC-42A3-9474-1A3956D46DE8}") = "方案項目", "方案項目", "{2904B601-7EF1-4984-B75E-4F9D8A5B51DF}"
	ProjectSection(SolutionItems) = preProject
		README.md = README.md
	EndProjectSection
EndProject
Project("{9A19103F-16F7-4668-BE54-9A1E7A4F7556}") = "Web.Lab", "Project Templates\Web.Lab\Web.Lab.csproj", "{4715225A-9E41-414B-AFE8-C45EEA84DF6C}"
EndProject
Global
	GlobalSection(SolutionConfigurationPlatforms) = preSolution
		Debug|Any CPU = Debug|Any CPU
		Debug|arm64 = Debug|arm64
		Debug|x86 = Debug|x86
		Release|Any CPU = Release|Any CPU
		Release|arm64 = Release|arm64
		Release|x86 = Release|x86
	EndGlobalSection
	GlobalSection(ProjectConfigurationPlatforms) = postSolution
		{B535DC7E-C563-4A4A-978A-5E7061203BFC}.Debug|Any CPU.ActiveCfg = Debug|Any CPU
		{B535DC7E-C563-4A4A-978A-5E7061203BFC}.Debug|Any CPU.Build.0 = Debug|Any CPU
		{B535DC7E-C563-4A4A-978A-5E7061203BFC}.Debug|arm64.ActiveCfg = Debug|arm64
		{B535DC7E-C563-4A4A-978A-5E7061203BFC}.Debug|arm64.Build.0 = Debug|arm64
		{B535DC7E-C563-4A4A-978A-5E7061203BFC}.Debug|x86.ActiveCfg = Debug|x86
		{B535DC7E-C563-4A4A-978A-5E7061203BFC}.Debug|x86.Build.0 = Debug|x86
		{B535DC7E-C563-4A4A-978A-5E7061203BFC}.Release|Any CPU.ActiveCfg = Release|Any CPU
		{B535DC7E-C563-4A4A-978A-5E7061203BFC}.Release|Any CPU.Build.0 = Release|Any CPU
		{B535DC7E-C563-4A4A-978A-5E7061203BFC}.Release|arm64.ActiveCfg = Release|arm64
		{B535DC7E-C563-4A4A-978A-5E7061203BFC}.Release|arm64.Build.0 = Release|arm64
		{B535DC7E-C563-4A4A-978A-5E7061203BFC}.Release|x86.ActiveCfg = Release|x86
		{B535DC7E-C563-4A4A-978A-5E7061203BFC}.Release|x86.Build.0 = Release|x86
		{C9119C83-DD7F-4B59-A183-6226E2B0EE44}.Debug|Any CPU.ActiveCfg = Debug|Any CPU
		{C9119C83-DD7F-4B59-A183-6226E2B0EE44}.Debug|Any CPU.Build.0 = Debug|Any CPU
		{C9119C83-DD7F-4B59-A183-6226E2B0EE44}.Debug|arm64.ActiveCfg = Debug|Any CPU
		{C9119C83-DD7F-4B59-A183-6226E2B0EE44}.Debug|arm64.Build.0 = Debug|Any CPU
		{C9119C83-DD7F-4B59-A183-6226E2B0EE44}.Debug|x86.ActiveCfg = Debug|Any CPU
		{C9119C83-DD7F-4B59-A183-6226E2B0EE44}.Debug|x86.Build.0 = Debug|Any CPU
		{C9119C83-DD7F-4B59-A183-6226E2B0EE44}.Release|Any CPU.ActiveCfg = Release|Any CPU
		{C9119C83-DD7F-4B59-A183-6226E2B0EE44}.Release|Any CPU.Build.0 = Release|Any CPU
		{C9119C83-DD7F-4B59-A183-6226E2B0EE44}.Release|arm64.ActiveCfg = Release|Any CPU
		{C9119C83-DD7F-4B59-A183-6226E2B0EE44}.Release|arm64.Build.0 = Release|Any CPU
		{C9119C83-DD7F-4B59-A183-6226E2B0EE44}.Release|x86.ActiveCfg = Release|Any CPU
		{C9119C83-DD7F-4B59-A183-6226E2B0EE44}.Release|x86.Build.0 = Release|Any CPU
		{212BA8A1-EB9D-4290-BD17-54084628F4BB}.Debug|Any CPU.ActiveCfg = Debug|Any CPU
		{212BA8A1-EB9D-4290-BD17-54084628F4BB}.Debug|Any CPU.Build.0 = Debug|Any CPU
		{212BA8A1-EB9D-4290-BD17-54084628F4BB}.Debug|arm64.ActiveCfg = Debug|arm64
		{212BA8A1-EB9D-4290-BD17-54084628F4BB}.Debug|arm64.Build.0 = Debug|arm64
		{212BA8A1-EB9D-4290-BD17-54084628F4BB}.Debug|x86.ActiveCfg = Debug|x86
		{212BA8A1-EB9D-4290-BD17-54084628F4BB}.Debug|x86.Build.0 = Debug|x86
		{212BA8A1-EB9D-4290-BD17-54084628F4BB}.Release|Any CPU.ActiveCfg = Release|Any CPU
		{212BA8A1-EB9D-4290-BD17-54084628F4BB}.Release|Any CPU.Build.0 = Release|Any CPU
		{212BA8A1-EB9D-4290-BD17-54084628F4BB}.Release|arm64.ActiveCfg = Release|arm64
		{212BA8A1-EB9D-4290-BD17-54084628F4BB}.Release|arm64.Build.0 = Release|arm64
		{212BA8A1-EB9D-4290-BD17-54084628F4BB}.Release|x86.ActiveCfg = Release|x86
		{212BA8A1-EB9D-4290-BD17-54084628F4BB}.Release|x86.Build.0 = Release|x86
		{86781EF3-64AA-4890-B40B-47D8592F772C}.Debug|Any CPU.ActiveCfg = Debug|Any CPU
		{86781EF3-64AA-4890-B40B-47D8592F772C}.Debug|Any CPU.Build.0 = Debug|Any CPU
		{86781EF3-64AA-4890-B40B-47D8592F772C}.Debug|arm64.ActiveCfg = Debug|arm64
		{86781EF3-64AA-4890-B40B-47D8592F772C}.Debug|arm64.Build.0 = Debug|arm64
		{86781EF3-64AA-4890-B40B-47D8592F772C}.Debug|x86.ActiveCfg = Debug|x86
		{86781EF3-64AA-4890-B40B-47D8592F772C}.Debug|x86.Build.0 = Debug|x86
		{86781EF3-64AA-4890-B40B-47D8592F772C}.Release|Any CPU.ActiveCfg = Release|Any CPU
		{86781EF3-64AA-4890-B40B-47D8592F772C}.Release|Any CPU.Build.0 = Release|Any CPU
		{86781EF3-64AA-4890-B40B-47D8592F772C}.Release|arm64.ActiveCfg = Release|arm64
		{86781EF3-64AA-4890-B40B-47D8592F772C}.Release|arm64.Build.0 = Release|arm64
		{86781EF3-64AA-4890-B40B-47D8592F772C}.Release|x86.ActiveCfg = Release|x86
		{86781EF3-64AA-4890-B40B-47D8592F772C}.Release|x86.Build.0 = Release|x86
		{5AD575F8-A344-41E4-B05B-7BD00C6FE923}.Debug|Any CPU.ActiveCfg = Debug|Any CPU
		{5AD575F8-A344-41E4-B05B-7BD00C6FE923}.Debug|Any CPU.Build.0 = Debug|Any CPU
		{5AD575F8-A344-41E4-B05B-7BD00C6FE923}.Debug|arm64.ActiveCfg = Debug|Any CPU
		{5AD575F8-A344-41E4-B05B-7BD00C6FE923}.Debug|arm64.Build.0 = Debug|Any CPU
		{5AD575F8-A344-41E4-B05B-7BD00C6FE923}.Debug|x86.ActiveCfg = Debug|Any CPU
		{5AD575F8-A344-41E4-B05B-7BD00C6FE923}.Debug|x86.Build.0 = Debug|Any CPU
		{5AD575F8-A344-41E4-B05B-7BD00C6FE923}.Release|Any CPU.ActiveCfg = Release|Any CPU
		{5AD575F8-A344-41E4-B05B-7BD00C6FE923}.Release|Any CPU.Build.0 = Release|Any CPU
		{5AD575F8-A344-41E4-B05B-7BD00C6FE923}.Release|arm64.ActiveCfg = Release|Any CPU
		{5AD575F8-A344-41E4-B05B-7BD00C6FE923}.Release|arm64.Build.0 = Release|Any CPU
		{5AD575F8-A344-41E4-B05B-7BD00C6FE923}.Release|x86.ActiveCfg = Release|Any CPU
		{5AD575F8-A344-41E4-B05B-7BD00C6FE923}.Release|x86.Build.0 = Release|Any CPU
		{DD90CBE8-E048-47BC-BA86-ECBC14214C83}.Debug|Any CPU.ActiveCfg = Debug|Any CPU
		{DD90CBE8-E048-47BC-BA86-ECBC14214C83}.Debug|Any CPU.Build.0 = Debug|Any CPU
		{DD90CBE8-E048-47BC-BA86-ECBC14214C83}.Debug|arm64.ActiveCfg = Debug|Any CPU
		{DD90CBE8-E048-47BC-BA86-ECBC14214C83}.Debug|arm64.Build.0 = Debug|Any CPU
		{DD90CBE8-E048-47BC-BA86-ECBC14214C83}.Debug|x86.ActiveCfg = Debug|Any CPU
		{DD90CBE8-E048-47BC-BA86-ECBC14214C83}.Debug|x86.Build.0 = Debug|Any CPU
		{DD90CBE8-E048-47BC-BA86-ECBC14214C83}.Release|Any CPU.ActiveCfg = Release|Any CPU
		{DD90CBE8-E048-47BC-BA86-ECBC14214C83}.Release|Any CPU.Build.0 = Release|Any CPU
		{DD90CBE8-E048-47BC-BA86-ECBC14214C83}.Release|arm64.ActiveCfg = Release|Any CPU
		{DD90CBE8-E048-47BC-BA86-ECBC14214C83}.Release|arm64.Build.0 = Release|Any CPU
		{DD90CBE8-E048-47BC-BA86-ECBC14214C83}.Release|x86.ActiveCfg = Release|Any CPU
		{DD90CBE8-E048-47BC-BA86-ECBC14214C83}.Release|x86.Build.0 = Release|Any CPU
		{07719411-53F1-4AD7-9260-3E9377B668D1}.Debug|Any CPU.ActiveCfg = Debug|Any CPU
		{07719411-53F1-4AD7-9260-3E9377B668D1}.Debug|Any CPU.Build.0 = Debug|Any CPU
		{07719411-53F1-4AD7-9260-3E9377B668D1}.Debug|arm64.ActiveCfg = Debug|Any CPU
		{07719411-53F1-4AD7-9260-3E9377B668D1}.Debug|arm64.Build.0 = Debug|Any CPU
		{07719411-53F1-4AD7-9260-3E9377B668D1}.Debug|x86.ActiveCfg = Debug|Any CPU
		{07719411-53F1-4AD7-9260-3E9377B668D1}.Debug|x86.Build.0 = Debug|Any CPU
		{07719411-53F1-4AD7-9260-3E9377B668D1}.Release|Any CPU.ActiveCfg = Release|Any CPU
		{07719411-53F1-4AD7-9260-3E9377B668D1}.Release|Any CPU.Build.0 = Release|Any CPU
		{07719411-53F1-4AD7-9260-3E9377B668D1}.Release|arm64.ActiveCfg = Release|Any CPU
		{07719411-53F1-4AD7-9260-3E9377B668D1}.Release|arm64.Build.0 = Release|Any CPU
		{07719411-53F1-4AD7-9260-3E9377B668D1}.Release|x86.ActiveCfg = Release|Any CPU
		{07719411-53F1-4AD7-9260-3E9377B668D1}.Release|x86.Build.0 = Release|Any CPU
		{994C92D6-00C4-488F-8254-497FC88E6757}.Debug|Any CPU.ActiveCfg = Debug|Any CPU
		{994C92D6-00C4-488F-8254-497FC88E6757}.Debug|Any CPU.Build.0 = Debug|Any CPU
		{994C92D6-00C4-488F-8254-497FC88E6757}.Debug|arm64.ActiveCfg = Debug|Any CPU
		{994C92D6-00C4-488F-8254-497FC88E6757}.Debug|arm64.Build.0 = Debug|Any CPU
		{994C92D6-00C4-488F-8254-497FC88E6757}.Debug|x86.ActiveCfg = Debug|Any CPU
		{994C92D6-00C4-488F-8254-497FC88E6757}.Debug|x86.Build.0 = Debug|Any CPU
		{994C92D6-00C4-488F-8254-497FC88E6757}.Release|Any CPU.ActiveCfg = Release|Any CPU
		{994C92D6-00C4-488F-8254-497FC88E6757}.Release|Any CPU.Build.0 = Release|Any CPU
		{994C92D6-00C4-488F-8254-497FC88E6757}.Release|arm64.ActiveCfg = Release|Any CPU
		{994C92D6-00C4-488F-8254-497FC88E6757}.Release|arm64.Build.0 = Release|Any CPU
		{994C92D6-00C4-488F-8254-497FC88E6757}.Release|x86.ActiveCfg = Release|Any CPU
		{994C92D6-00C4-488F-8254-497FC88E6757}.Release|x86.Build.0 = Release|Any CPU
		{2FC8F4A2-E41C-4DA7-BF32-333C625E2630}.Debug|Any CPU.ActiveCfg = Debug|Any CPU
		{2FC8F4A2-E41C-4DA7-BF32-333C625E2630}.Debug|Any CPU.Build.0 = Debug|Any CPU
		{2FC8F4A2-E41C-4DA7-BF32-333C625E2630}.Debug|arm64.ActiveCfg = Debug|Any CPU
		{2FC8F4A2-E41C-4DA7-BF32-333C625E2630}.Debug|arm64.Build.0 = Debug|Any CPU
		{2FC8F4A2-E41C-4DA7-BF32-333C625E2630}.Debug|x86.ActiveCfg = Debug|Any CPU
		{2FC8F4A2-E41C-4DA7-BF32-333C625E2630}.Debug|x86.Build.0 = Debug|Any CPU
		{2FC8F4A2-E41C-4DA7-BF32-333C625E2630}.Release|Any CPU.ActiveCfg = Release|Any CPU
		{2FC8F4A2-E41C-4DA7-BF32-333C625E2630}.Release|Any CPU.Build.0 = Release|Any CPU
		{2FC8F4A2-E41C-4DA7-BF32-333C625E2630}.Release|arm64.ActiveCfg = Release|Any CPU
		{2FC8F4A2-E41C-4DA7-BF32-333C625E2630}.Release|arm64.Build.0 = Release|Any CPU
		{2FC8F4A2-E41C-4DA7-BF32-333C625E2630}.Release|x86.ActiveCfg = Release|Any CPU
		{2FC8F4A2-E41C-4DA7-BF32-333C625E2630}.Release|x86.Build.0 = Release|Any CPU
		{606341A4-7365-438B-B56F-BB6E8D0829A7}.Debug|Any CPU.ActiveCfg = Debug|Any CPU
		{606341A4-7365-438B-B56F-BB6E8D0829A7}.Debug|Any CPU.Build.0 = Debug|Any CPU
		{606341A4-7365-438B-B56F-BB6E8D0829A7}.Debug|arm64.ActiveCfg = Debug|Any CPU
		{606341A4-7365-438B-B56F-BB6E8D0829A7}.Debug|arm64.Build.0 = Debug|Any CPU
		{606341A4-7365-438B-B56F-BB6E8D0829A7}.Debug|x86.ActiveCfg = Debug|Any CPU
		{606341A4-7365-438B-B56F-BB6E8D0829A7}.Debug|x86.Build.0 = Debug|Any CPU
		{606341A4-7365-438B-B56F-BB6E8D0829A7}.Release|Any CPU.ActiveCfg = Release|Any CPU
		{606341A4-7365-438B-B56F-BB6E8D0829A7}.Release|Any CPU.Build.0 = Release|Any CPU
		{606341A4-7365-438B-B56F-BB6E8D0829A7}.Release|arm64.ActiveCfg = Release|Any CPU
		{606341A4-7365-438B-B56F-BB6E8D0829A7}.Release|arm64.Build.0 = Release|Any CPU
		{606341A4-7365-438B-B56F-BB6E8D0829A7}.Release|x86.ActiveCfg = Release|Any CPU
		{606341A4-7365-438B-B56F-BB6E8D0829A7}.Release|x86.Build.0 = Release|Any CPU
		{C88A4AF6-3754-455A-AC0E-70A759EC3D99}.Debug|Any CPU.ActiveCfg = Debug|Any CPU
		{C88A4AF6-3754-455A-AC0E-70A759EC3D99}.Debug|Any CPU.Build.0 = Debug|Any CPU
		{C88A4AF6-3754-455A-AC0E-70A759EC3D99}.Debug|arm64.ActiveCfg = Debug|Any CPU
		{C88A4AF6-3754-455A-AC0E-70A759EC3D99}.Debug|arm64.Build.0 = Debug|Any CPU
		{C88A4AF6-3754-455A-AC0E-70A759EC3D99}.Debug|x86.ActiveCfg = Debug|Any CPU
		{C88A4AF6-3754-455A-AC0E-70A759EC3D99}.Debug|x86.Build.0 = Debug|Any CPU
		{C88A4AF6-3754-455A-AC0E-70A759EC3D99}.Release|Any CPU.ActiveCfg = Release|Any CPU
		{C88A4AF6-3754-455A-AC0E-70A759EC3D99}.Release|Any CPU.Build.0 = Release|Any CPU
		{C88A4AF6-3754-455A-AC0E-70A759EC3D99}.Release|arm64.ActiveCfg = Release|Any CPU
		{C88A4AF6-3754-455A-AC0E-70A759EC3D99}.Release|arm64.Build.0 = Release|Any CPU
		{C88A4AF6-3754-455A-AC0E-70A759EC3D99}.Release|x86.ActiveCfg = Release|Any CPU
		{C88A4AF6-3754-455A-AC0E-70A759EC3D99}.Release|x86.Build.0 = Release|Any CPU
		{4715225A-9E41-414B-AFE8-C45EEA84DF6C}.Debug|Any CPU.ActiveCfg = Debug|Any CPU
		{4715225A-9E41-414B-AFE8-C45EEA84DF6C}.Debug|Any CPU.Build.0 = Debug|Any CPU
		{4715225A-9E41-414B-AFE8-C45EEA84DF6C}.Debug|arm64.ActiveCfg = Debug|Any CPU
		{4715225A-9E41-414B-AFE8-C45EEA84DF6C}.Debug|arm64.Build.0 = Debug|Any CPU
		{4715225A-9E41-414B-AFE8-C45EEA84DF6C}.Debug|x86.ActiveCfg = Debug|Any CPU
		{4715225A-9E41-414B-AFE8-C45EEA84DF6C}.Debug|x86.Build.0 = Debug|Any CPU
		{4715225A-9E41-414B-AFE8-C45EEA84DF6C}.Release|Any CPU.ActiveCfg = Release|Any CPU
		{4715225A-9E41-414B-AFE8-C45EEA84DF6C}.Release|Any CPU.Build.0 = Release|Any CPU
		{4715225A-9E41-414B-AFE8-C45EEA84DF6C}.Release|arm64.ActiveCfg = Release|Any CPU
		{4715225A-9E41-414B-AFE8-C45EEA84DF6C}.Release|arm64.Build.0 = Release|Any CPU
		{4715225A-9E41-414B-AFE8-C45EEA84DF6C}.Release|x86.ActiveCfg = Release|Any CPU
		{4715225A-9E41-414B-AFE8-C45EEA84DF6C}.Release|x86.Build.0 = Release|Any CPU
	EndGlobalSection
	GlobalSection(SolutionProperties) = preSolution
		HideSolutionNode = FALSE
	EndGlobalSection
	GlobalSection(NestedProjects) = preSolution
		{B535DC7E-C563-4A4A-978A-5E7061203BFC} = {3191B422-C9B2-4635-A718-415C5F9F2B47}
		{C9119C83-DD7F-4B59-A183-6226E2B0EE44} = {85A135AF-F6B9-4291-BC0E-4619099412C2}
		{212BA8A1-EB9D-4290-BD17-54084628F4BB} = {6624C0D3-50D9-4DE0-AD3E-7C131A32E37D}
		{86781EF3-64AA-4890-B40B-47D8592F772C} = {6624C0D3-50D9-4DE0-AD3E-7C131A32E37D}
		{5AD575F8-A344-41E4-B05B-7BD00C6FE923} = {3F740B15-0338-4484-9F31-CB5E0891DEEC}
		{DD90CBE8-E048-47BC-BA86-ECBC14214C83} = {3F740B15-0338-4484-9F31-CB5E0891DEEC}
		{07719411-53F1-4AD7-9260-3E9377B668D1} = {3F740B15-0338-4484-9F31-CB5E0891DEEC}
		{994C92D6-00C4-488F-8254-497FC88E6757} = {3F740B15-0338-4484-9F31-CB5E0891DEEC}
		{2FC8F4A2-E41C-4DA7-BF32-333C625E2630} = {3F740B15-0338-4484-9F31-CB5E0891DEEC}
		{606341A4-7365-438B-B56F-BB6E8D0829A7} = {85A135AF-F6B9-4291-BC0E-4619099412C2}
		{C88A4AF6-3754-455A-AC0E-70A759EC3D99} = {85A135AF-F6B9-4291-BC0E-4619099412C2}
		{4715225A-9E41-414B-AFE8-C45EEA84DF6C} = {85A135AF-F6B9-4291-BC0E-4619099412C2}
	EndGlobalSection
	GlobalSection(ExtensibilityGlobals) = postSolution
		SolutionGuid = {18BC4F1B-82C9-484D-A7D9-7D42011E9D4D}
	EndGlobalSection
EndGlobal
